
Microsoft Visual Studio Solution File, Format Version 12.00
# Visual Studio 15
VisualStudioVersion = 15.0.26730.16
MinimumVisualStudioVersion = 10.0.40219.1
Project("{FAE04EC0-301F-11D3-BF4B-00C04F79EFBC}") = "SaveTheWorld", "SaveTheWorld\SaveTheWorld.csproj", "{038A1584-C304-4951-A0B1-5C398F537778}"
EndProject
Project("{FAE04EC0-301F-11D3-BF4B-00C04F79EFBC}") = "SaveTheWorld.Tests", "SaveTheWorld.Tests\SaveTheWorld.Tests.csproj", "{285AC26A-FECA-4F22-8891-DE95E149D923}"
EndProject
Global
	GlobalSection(SolutionConfigurationPlatforms) = preSolution
		Debug|Any CPU = Debug|Any CPU
		Release|Any CPU = Release|Any CPU
	EndGlobalSection
	GlobalSection(ProjectConfigurationPlatforms) = postSolution
		{038A1584-C304-4951-A0B1-5C398F537778}.Debug|Any CPU.ActiveCfg = Debug|Any CPU
		{038A1584-C304-4951-A0B1-5C398F537778}.Debug|Any CPU.Build.0 = Debug|Any CPU
		{038A1584-C304-4951-A0B1-5C398F537778}.Release|Any CPU.ActiveCfg = Release|Any CPU
		{038A1584-C304-4951-A0B1-5C398F537778}.Release|Any CPU.Build.0 = Release|Any CPU
		{285AC26A-FECA-4F22-8891-DE95E149D923}.Debug|Any CPU.ActiveCfg = Debug|Any CPU
		{285AC26A-FECA-4F22-8891-DE95E149D923}.Debug|Any CPU.Build.0 = Debug|Any CPU
		{285AC26A-FECA-4F22-8891-DE95E149D923}.Release|Any CPU.ActiveCfg = Release|Any CPU
		{285AC26A-FECA-4F22-8891-DE95E149D923}.Release|Any CPU.Build.0 = Release|Any CPU
	EndGlobalSection
	GlobalSection(SolutionProperties) = preSolution
		HideSolutionNode = FALSE
	EndGlobalSection
	GlobalSection(ExtensibilityGlobals) = postSolution
		SolutionGuid = {B573629A-3D01-4BC0-BFFE-CC5132FF483C}
	EndGlobalSection
EndGlobal
