
Microsoft Visual Studio Solution File, Format Version 12.00
# Visual Studio 15
VisualStudioVersion = 15.0.26730.16
MinimumVisualStudioVersion = 10.0.40219.1
Project("{FAE04EC0-301F-11D3-BF4B-00C04F79EFBC}") = "SaveTheWorld", "SaveTheWorld\SaveTheWorld.csproj", "{D949B895-9DA4-447A-B36E-48EF2EB07AEC}"
EndProject
Project("{FAE04EC0-301F-11D3-BF4B-00C04F79EFBC}") = "SaveTheWorld.Tests", "SaveTheWorld.Tests\SaveTheWorld.Tests.csproj", "{E7CC95DD-6677-4149-8BBD-B66B6657B873}"
EndProject
Global
	GlobalSection(SolutionConfigurationPlatforms) = preSolution
		Debug|Any CPU = Debug|Any CPU
		Release|Any CPU = Release|Any CPU
	EndGlobalSection
	GlobalSection(ProjectConfigurationPlatforms) = postSolution
		{D949B895-9DA4-447A-B36E-48EF2EB07AEC}.Debug|Any CPU.ActiveCfg = Debug|Any CPU
		{D949B895-9DA4-447A-B36E-48EF2EB07AEC}.Debug|Any CPU.Build.0 = Debug|Any CPU
		{D949B895-9DA4-447A-B36E-48EF2EB07AEC}.Release|Any CPU.ActiveCfg = Release|Any CPU
		{D949B895-9DA4-447A-B36E-48EF2EB07AEC}.Release|Any CPU.Build.0 = Release|Any CPU
		{E7CC95DD-6677-4149-8BBD-B66B6657B873}.Debug|Any CPU.ActiveCfg = Debug|Any CPU
		{E7CC95DD-6677-4149-8BBD-B66B6657B873}.Debug|Any CPU.Build.0 = Debug|Any CPU
		{E7CC95DD-6677-4149-8BBD-B66B6657B873}.Release|Any CPU.ActiveCfg = Release|Any CPU
		{E7CC95DD-6677-4149-8BBD-B66B6657B873}.Release|Any CPU.Build.0 = Release|Any CPU
	EndGlobalSection
	GlobalSection(SolutionProperties) = preSolution
		HideSolutionNode = FALSE
	EndGlobalSection
	GlobalSection(ExtensibilityGlobals) = postSolution
		SolutionGuid = {735D6249-CF84-4636-B7B1-321FC96846F6}
	EndGlobalSection
EndGlobal
